
Microsoft Visual Studio Solution File, Format Version 12.00
# Visual Studio Version 17
VisualStudioVersion = 17.8.34004.107
MinimumVisualStudioVersion = 10.0.40219.1
Project("{FAE04EC0-301F-11D3-BF4B-00C04F79EFBC}") = "TaskAPI", "TaskAPI.csproj", "{CE821F34-B97B-4E4B-9FDA-942E02F91A36}"
EndProject
Global
	GlobalSection(SolutionConfigurationPlatforms) = preSolution
		Debug|Any CPU = Debug|Any CPU
		Release|Any CPU = Release|Any CPU
	EndGlobalSection
	GlobalSection(ProjectConfigurationPlatforms) = postSolution
		{CE821F34-B97B-4E4B-9FDA-942E02F91A36}.Debug|Any CPU.ActiveCfg = Debug|Any CPU
		{CE821F34-B97B-4E4B-9FDA-942E02F91A36}.Debug|Any CPU.Build.0 = Debug|Any CPU
		{CE821F34-B97B-4E4B-9FDA-942E02F91A36}.Release|Any CPU.ActiveCfg = Release|Any CPU
		{CE821F34-B97B-4E4B-9FDA-942E02F91A36}.Release|Any CPU.Build.0 = Release|Any CPU
	EndGlobalSection
	GlobalSection(SolutionProperties) = preSolution
		HideSolutionNode = FALSE
	EndGlobalSection
	GlobalSection(ExtensibilityGlobals) = postSolution
		SolutionGuid = {5A5A9ACF-23F6-4248-B596-1094DBEFE89A}
	EndGlobalSection
EndGlobal
